
Microsoft Visual Studio Solution File, Format Version 12.00
# Visual Studio 15
VisualStudioVersion = 15.0.27130.2010
MinimumVisualStudioVersion = 10.0.40219.1
Project("{FAE04EC0-301F-11D3-BF4B-00C04F79EFBC}") = "Xamarin.Auth.Common.LinkSource", "Xamarin.Auth.Common.LinkSource.csproj", "{EDE30D4F-FC0D-458A-A358-A745FC138DF3}"
EndProject
Global
	GlobalSection(SolutionConfigurationPlatforms) = preSolution
		Debug|Any CPU = Debug|Any CPU
		Release|Any CPU = Release|Any CPU
	EndGlobalSection
	GlobalSection(ProjectConfigurationPlatforms) = postSolution
		{EDE30D4F-FC0D-458A-A358-A745FC138DF3}.Debug|Any CPU.ActiveCfg = Debug|Any CPU
		{EDE30D4F-FC0D-458A-A358-A745FC138DF3}.Debug|Any CPU.Build.0 = Debug|Any CPU
		{EDE30D4F-FC0D-458A-A358-A745FC138DF3}.Release|Any CPU.ActiveCfg = Release|Any CPU
		{EDE30D4F-FC0D-458A-A358-A745FC138DF3}.Release|Any CPU.Build.0 = Release|Any CPU
	EndGlobalSection
	GlobalSection(SolutionProperties) = preSolution
		HideSolutionNode = FALSE
	EndGlobalSection
	GlobalSection(ExtensibilityGlobals) = postSolution
		SolutionGuid = {7E4EA754-4AC3-443B-BBFE-9804593C0628}
	EndGlobalSection
EndGlobal
